[ "cowboy": {:git, "git://github.com/extend/cowboy.git", "9eaee45c090b9cb170554bc7e09d679bc0598716", [{:tag, "0.8.6"}]},
  "jsx": {:git, "git://github.com/talentdeficit/jsx.git", "e50af6e109cb03bd26acf715cbc77de746507d1d", [{:tag, "v1.4.3"}]},
  "ranch": {:git, "file:///home/olav/src/dist/ranch.git", "4f70a16bbe08e446e8fec248ca345d5f8e7df038", [{:ref, "0.8.4"}]} ]
